// !$*UTF8*$!
{
	archiveVersion = 1;
	classes = {
	};
	objectVersion = 50;
	objects = {

/* Begin PBXBuildFile section */
		ACCC6A1126026CE10055F762 /* AppDelegate.swift in Sources */ = {isa = PBXBuildFile; fileRef = ACCC6A1026026CE10055F762 /* AppDelegate.swift */; };
		ACCC6A1326026CE10055F762 /* SceneDelegate.swift in Sources */ = {isa = PBXBuildFile; fileRef = ACCC6A1226026CE10055F762 /* SceneDelegate.swift */; };
		ACCC6A1526026CE10055F762 /* ViewController.swift in Sources */ = {isa = PBXBuildFile; fileRef = ACCC6A1426026CE10055F762 /* ViewController.swift */; };
		ACCC6A1826026CE10055F762 /* Main.storyboard in Resources */ = {isa = PBXBuildFile; fileRef = ACCC6A1626026CE10055F762 /* Main.storyboard */; };
		ACCC6A1A26026CE20055F762 /* Assets.xcassets in Resources */ = {isa = PBXBuildFile; fileRef = ACCC6A1926026CE20055F762 /* Assets.xcassets */; };
		ACCC6A1D26026CE20055F762 /* LaunchScreen.storyboard in Resources */ = {isa = PBXBuildFile; fileRef = ACCC6A1B26026CE20055F762 /* LaunchScreen.storyboard */; };
		ACCC6A2626026EA40055F762 /* downtown-milwaukee-1068x601.jpg in Resources */ = {isa = PBXBuildFile; fileRef = ACCC6A2526026EA40055F762 /* downtown-milwaukee-1068x601.jpg */; };
/* End PBXBuildFile section */

/* Begin PBXFileReference section */
		ACCC6A0D26026CE10055F762 /* ViewApp.app */ = {isa = PBXFileReference; explicitFileType = wrapper.application; includeInIndex = 0; path = ViewApp.app; sourceTree = BUILT_PRODUCTS_DIR; };
		ACCC6A1026026CE10055F762 /* AppDelegate.swift */ = {isa = PBXFileReference; lastKnownFileType = sourcecode.swift; path = AppDelegate.swift; sourceTree = "<group>"; };
		ACCC6A1226026CE10055F762 /* SceneDelegate.swift */ = {isa = PBXFileReference; lastKnownFileType = sourcecode.swift; path = SceneDelegate.swift; sourceTree = "<group>"; };
		ACCC6A1426026CE10055F762 /* ViewController.swift */ = {isa = PBXFileReference; lastKnownFileType = sourcecode.swift; path = ViewController.swift; sourceTree = "<group>"; };
		ACCC6A1726026CE10055F762 /* Base */ = {isa = PBXFileReference; lastKnownFileType = file.storyboard; name = Base; path = Base.lproj/Main.storyboard; sourceTree = "<group>"; };
		ACCC6A1926026CE20055F762 /* Assets.xcassets */ = {isa = PBXFileReference; lastKnownFileType = folder.assetcatalog; path = Assets.xcassets; sourceTree = "<group>"; };
		ACCC6A1C26026CE20055F762 /* Base */ = {isa = PBXFileReference; lastKnownFileType = file.storyboard; name = Base; path = Base.lproj/LaunchScreen.storyboard; sourceTree = "<group>"; };
		ACCC6A1E26026CE20055F762 /* Info.plist */ = {isa = PBXFileReference; lastKnownFileType = text.plist.xml; path = Info.plist; sourceTree = "<group>"; };
		ACCC6A2526026EA40055F762 /* downtown-milwaukee-1068x601.jpg */ = {isa = PBXFileReference; lastKnownFileType = image.jpeg; path = "downtown-milwaukee-1068x601.jpg"; sourceTree = "<group>"; };
/* End PBXFileReference section */

/* Begin PBXFrameworksBuildPhase section */
		ACCC6A0A26026CE10055F762 /* Frameworks */ = {
			isa = PBXFrameworksBuildPhase;
			buildActionMask = 2147483647;
			files = (
			);
			runOnlyForDeploymentPostprocessing = 0;
		};
/* End PBXFrameworksBuildPhase section */

/* Begin PBXGroup section */
		ACCC6A0426026CE10055F762 = {
			isa = PBXGroup;
			children = (
				ACCC6A0F26026CE10055F762 /* ViewApp */,
				ACCC6A0E26026CE10055F762 /* Products */,
			);
			sourceTree = "<group>";
		};
		ACCC6A0E26026CE10055F762 /* Products */ = {
			isa = PBXGroup;
			children = (
				ACCC6A0D26026CE10055F762 /* ViewApp.app */,
			);
			name = Products;
			sourceTree = "<group>";
		};
		ACCC6A0F26026CE10055F762 /* ViewApp */ = {
			isa = PBXGroup;
			children = (
				ACCC6A1026026CE10055F762 /* AppDelegate.swift */,
				ACCC6A1226026CE10055F762 /* SceneDelegate.swift */,
				ACCC6A1426026CE10055F762 /* ViewController.swift */,
				ACCC6A1626026CE10055F762 /* Main.storyboard */,
				ACCC6A1926026CE20055F762 /* Assets.xcassets */,
				ACCC6A1B26026CE20055F762 /* LaunchScreen.storyboard */,
				ACCC6A2526026EA40055F762 /* downtown-milwaukee-1068x601.jpg */,
				ACCC6A1E26026CE20055F762 /* Info.plist */,
			);
			path = ViewApp;
			sourceTree = "<group>";
		};
/* End PBXGroup section */

/* Begin PBXNativeTarget section */
		ACCC6A0C26026CE10055F762 /* ViewApp */ = {
			isa = PBXNativeTarget;
			buildConfigurationList = ACCC6A2126026CE20055F762 /* Build configuration list for PBXNativeTarget "ViewApp" */;
			buildPhases = (
				ACCC6A0926026CE10055F762 /* Sources */,
				ACCC6A0A26026CE10055F762 /* Frameworks */,
				ACCC6A0B26026CE10055F762 /* Resources */,
			);
			buildRules = (
			);
			dependencies = (
			);
			name = ViewApp;
			productName = ViewApp;
			productReference = ACCC6A0D26026CE10055F762 /* ViewApp.app */;
			productType = "com.apple.product-type.application";
		};
/* End PBXNativeTarget section */

/* Begin PBXProject section */
		ACCC6A0526026CE10055F762 /* Project object */ = {
			isa = PBXProject;
			attributes = {
				LastSwiftUpdateCheck = 1240;
				LastUpgradeCheck = 1240;
				TargetAttributes = {
					ACCC6A0C26026CE10055F762 = {
						CreatedOnToolsVersion = 12.4;
					};
				};
			};
			buildConfigurationList = ACCC6A0826026CE10055F762 /* Build configuration list for PBXProject "ViewApp" */;
			compatibilityVersion = "Xcode 9.3";
			developmentRegion = en;
			hasScannedForEncodings = 0;
			knownRegions = (
				en,
				Base,
			);
			mainGroup = ACCC6A0426026CE10055F762;
			productRefGroup = ACCC6A0E26026CE10055F762 /* Products */;
			projectDirPath = "";
			projectRoot = "";
			targets = (
				ACCC6A0C26026CE10055F762 /* ViewApp */,
			);
		};
/* End PBXProject section */

/* Begin PBXResourcesBuildPhase section */
		ACCC6A0B26026CE10055F762 /* Resources */ = {
			isa = PBXResourcesBuildPhase;
			buildActionMask = 2147483647;
			files = (
				ACCC6A1D26026CE20055F762 /* LaunchScreen.storyboard in Resources */,
				ACCC6A1A26026CE20055F762 /* Assets.xcassets in Resources */,
				ACCC6A2626026EA40055F762 /* downtown-milwaukee-1068x601.jpg in Resources */,
				ACCC6A1826026CE10055F762 /* Main.storyboard in Resources */,
			);
			runOnlyForDeploymentPostprocessing = 0;
		};
/* End PBXResourcesBuildPhase section */

/* Begin PBXSourcesBuildPhase section */
		ACCC6A0926026CE10055F762 /* Sources */ = {
			isa = PBXSourcesBuildPhase;
			buildActionMask = 2147483647;
			files = (
				ACCC6A1526026CE10055F762 /* ViewController.swift in Sources */,
				ACCC6A1126026CE10055F762 /* AppDelegate.swift in Sources */,
				ACCC6A1326026CE10055F762 /* SceneDelegate.swift in Sources */,
			);
			runOnlyForDeploymentPostprocessing = 0;
		};
/* End PBXSourcesBuildPhase section */

/* Begin PBXVariantGroup section */
		ACCC6A1626026CE10055F762 /* Main.storyboard */ = {
			isa = PBXVariantGroup;
			children = (
				ACCC6A1726026CE10055F762 /* Base */,
			);
			name = Main.storyboard;
			sourceTree = "<group>";
		};
		ACCC6A1B26026CE20055F762 /* LaunchScreen.storyboard */ = {
			isa = PBXVariantGroup;
			children = (
				ACCC6A1C26026CE20055F762 /* Base */,
			);
			name = LaunchScreen.storyboard;
			sourceTree = "<group>";
		};
/* End PBXVariantGroup section */

/* Begin XCBuildConfiguration section */
		ACCC6A1F26026CE20055F762 /* Debug */ = {
			isa = XCBuildConfiguration;
			buildSettings = {
				ALWAYS_SEARCH_USER_PATHS = NO;
				CLANG_ANALYZER_NONNULL = YES;
				CLANG_ANALYZER_NUMBER_OBJECT_CONVERSION = YES_AGGRESSIVE;
				CLANG_CXX_LANGUAGE_STANDARD = "gnu++14";
				CLANG_CXX_LIBRARY = "libc++";
				CLANG_ENABLE_MODULES = YES;
				CLANG_ENABLE_OBJC_ARC = YES;
				CLANG_ENABLE_OBJC_WEAK = YES;
				CLANG_WARN_BLOCK_CAPTURE_AUTORELEASING = YES;
				CLANG_WARN_BOOL_CONVERSION = YES;
				CLANG_WARN_COMMA = YES;
				CLANG_WARN_CONSTANT_CONVERSION = YES;
				CLANG_WARN_DEPRECATED_OBJC_IMPLEMENTATIONS = YES;
				CLANG_WARN_DIRECT_OBJC_ISA_USAGE = YES_ERROR;
				CLANG_WARN_DOCUMENTATION_COMMENTS = YES;
				CLANG_WARN_EMPTY_BODY = YES;
				CLANG_WARN_ENUM_CONVERSION = YES;
				CLANG_WARN_INFINITE_RECURSION = YES;
				CLANG_WARN_INT_CONVERSION = YES;
				CLANG_WARN_NON_LITERAL_NULL_CONVERSION = YES;
				CLANG_WARN_OBJC_IMPLICIT_RETAIN_SELF = YES;
				CLANG_WARN_OBJC_LITERAL_CONVERSION = YES;
				CLANG_WARN_OBJC_ROOT_CLASS = YES_ERROR;
				CLANG_WARN_QUOTED_INCLUDE_IN_FRAMEWORK_HEADER = YES;
				CLANG_WARN_RANGE_LOOP_ANALYSIS = YES;
				CLANG_WARN_STRICT_PROTOTYPES = YES;
				CLANG_WARN_SUSPICIOUS_MOVE = YES;
				CLANG_WARN_UNGUARDED_AVAILABILITY = YES_AGGRESSIVE;
				CLANG_WARN_UNREACHABLE_CODE = YES;
				CLANG_WARN__DUPLICATE_METHOD_MATCH = YES;
				COPY_PHASE_STRIP = NO;
				DEBUG_INFORMATION_FORMAT = dwarf;
				ENABLE_STRICT_OBJC_MSGSEND = YES;
				ENABLE_TESTABILITY = YES;
				GCC_C_LANGUAGE_STANDARD = gnu11;
				GCC_DYNAMIC_NO_PIC = NO;
				GCC_NO_COMMON_BLOCKS = YES;
				GCC_OPTIMIZATION_LEVEL = 0;
				GCC_PREPROCESSOR_DEFINITIONS = (
					"DEBUG=1",
					"$(inherited)",
				);
				GCC_WARN_64_TO_32_BIT_CONVERSION = YES;
				GCC_WARN_ABOUT_RETURN_TYPE = YES_ERROR;
				GCC_WARN_UNDECLARED_SELECTOR = YES;
				GCC_WARN_UNINITIALIZED_AUTOS = YES_AGGRESSIVE;
				GCC_WARN_UNUSED_FUNCTION = YES;
				GCC_WARN_UNUSED_VARIABLE = YES;
				IPHONEOS_DEPLOYMENT_TARGET = 14.4;
				MTL_ENABLE_DEBUG_INFO = INCLUDE_SOURCE;
				MTL_FAST_MATH = YES;
				ONLY_ACTIVE_ARCH = YES;
				SDKROOT = iphoneos;
				SWIFT_ACTIVE_COMPILATION_CONDITIONS = DEBUG;
				SWIFT_OPTIMIZATION_LEVEL = "-Onone";
			};
			name = Debug;
		};
		ACCC6A2026026CE20055F762 /* Release */ = {
			isa = XCBuildConfiguration;
			buildSettings = {
				ALWAYS_SEARCH_USER_PATHS = NO;
				CLANG_ANALYZER_NONNULL = YES;
				CLANG_ANALYZER_NUMBER_OBJECT_CONVERSION = YES_AGGRESSIVE;
				CLANG_CXX_LANGUAGE_STANDARD = "gnu++14";
				CLANG_CXX_LIBRARY = "libc++";
				CLANG_ENABLE_MODULES = YES;
				CLANG_ENABLE_OBJC_ARC = YES;
				CLANG_ENABLE_OBJC_WEAK = YES;
				CLANG_WARN_BLOCK_CAPTURE_AUTORELEASING = YES;
				CLANG_WARN_BOOL_CONVERSION = YES;
				CLANG_WARN_COMMA = YES;
				CLANG_WARN_CONSTANT_CONVERSION = YES;
				CLANG_WARN_DEPRECATED_OBJC_IMPLEMENTATIONS = YES;
				CLANG_WARN_DIRECT_OBJC_ISA_USAGE = YES_ERROR;
				CLANG_WARN_DOCUMENTATION_COMMENTS = YES;
				CLANG_WARN_EMPTY_BODY = YES;
				CLANG_WARN_ENUM_CONVERSION = YES;
				CLANG_WARN_INFINITE_RECURSION = YES;
				CLANG_WARN_INT_CONVERSION = YES;
				CLANG_WARN_NON_LITERAL_NULL_CONVERSION = YES;
				CLANG_WARN_OBJC_IMPLICIT_RETAIN_SELF = YES;
				CLANG_WARN_OBJC_LITERAL_CONVERSION = YES;
				CLANG_WARN_OBJC_ROOT_CLASS = YES_ERROR;
				CLANG_WARN_QUOTED_INCLUDE_IN_FRAMEWORK_HEADER = YES;
				CLANG_WARN_RANGE_LOOP_ANALYSIS = YES;
				CLANG_WARN_STRICT_PROTOTYPES = YES;
				CLANG_WARN_SUSPICIOUS_MOVE = YES;
				CLANG_WARN_UNGUARDED_AVAILABILITY = YES_AGGRESSIVE;
				CLANG_WARN_UNREACHABLE_CODE = YES;
				CLANG_WARN__DUPLICATE_METHOD_MATCH = YES;
				COPY_PHASE_STRIP = NO;
				DEBUG_INFORMATION_FORMAT = "dwarf-with-dsym";
				ENABLE_NS_ASSERTIONS = NO;
				ENABLE_STRICT_OBJC_MSGSEND = YES;
				GCC_C_LANGUAGE_STANDARD = gnu11;
				GCC_NO_COMMON_BLOCKS = YES;
				GCC_WARN_64_TO_32_BIT_CONVERSION = YES;
				GCC_WARN_ABOUT_RETURN_TYPE = YES_ERROR;
				GCC_WARN_UNDECLARED_SELECTOR = YES;
				GCC_WARN_UNINITIALIZED_AUTOS = YES_AGGRESSIVE;
				GCC_WARN_UNUSED_FUNCTION = YES;
				GCC_WARN_UNUSED_VARIABLE = YES;
				IPHONEOS_DEPLOYMENT_TARGET = 14.4;
				MTL_ENABLE_DEBUG_INFO = NO;
				MTL_FAST_MATH = YES;
				SDKROOT = iphoneos;
				SWIFT_COMPILATION_MODE = wholemodule;
				SWIFT_OPTIMIZATION_LEVEL = "-O";
				VALIDATE_PRODUCT = YES;
			};
			name = Release;
		};
		ACCC6A2226026CE20055F762 /* Debug */ = {
			isa = XCBuildConfiguration;
			buildSettings = {
				ASSETCATALOG_COMPILER_APPICON_NAME = AppIcon;
				ASSETCATALOG_COMPILER_GLOBAL_ACCENT_COLOR_NAME = AccentColor;
				CODE_SIGN_STYLE = Automatic;
				DEVELOPMENT_TEAM = Y8WK9867R6;
				INFOPLIST_FILE = ViewApp/Info.plist;
				LD_RUNPATH_SEARCH_PATHS = (
					"$(inherited)",
					"@executable_path/Frameworks",
				);
				PRODUCT_BUNDLE_IDENTIFIER = com.mmcreative.ViewApp;
				PRODUCT_NAME = "$(TARGET_NAME)";
				SWIFT_VERSION = 5.0;
				TARGETED_DEVICE_FAMILY = "1,2";
			};
			name = Debug;
		};
		ACCC6A2326026CE20055F762 /* Release */ = {
			isa = XCBuildConfiguration;
			buildSettings = {
				ASSETCATALOG_COMPILER_APPICON_NAME = AppIcon;
				ASSETCATALOG_COMPILER_GLOBAL_ACCENT_COLOR_NAME = AccentColor;
				CODE_SIGN_STYLE = Automatic;
				DEVELOPMENT_TEAM = Y8WK9867R6;
				INFOPLIST_FILE = ViewApp/Info.plist;
				LD_RUNPATH_SEARCH_PATHS = (
					"$(inherited)",
					"@executable_path/Frameworks",
				);
				PRODUCT_BUNDLE_IDENTIFIER = com.mmcreative.ViewApp;
				PRODUCT_NAME = "$(TARGET_NAME)";
				SWIFT_VERSION = 5.0;
				TARGETED_DEVICE_FAMILY = "1,2";
			};
			name = Release;
		};
/* End XCBuildConfiguration section */

/* Begin XCConfigurationList section */
		ACCC6A0826026CE10055F762 /* Build configuration list for PBXProject "ViewApp" */ = {
			isa = XCConfigurationList;
			buildConfigurations = (
				ACCC6A1F26026CE20055F762 /* Debug */,
				ACCC6A2026026CE20055F762 /* Release */,
			);
			defaultConfigurationIsVisible = 0;
			defaultConfigurationName = Release;
		};
		ACCC6A2126026CE20055F762 /* Build configuration list for PBXNativeTarget "ViewApp" */ = {
			isa = XCConfigurationList;
			buildConfigurations = (
				ACCC6A2226026CE20055F762 /* Debug */,
				ACCC6A2326026CE20055F762 /* Release */,
			);
			defaultConfigurationIsVisible = 0;
			defaultConfigurationName = Release;
		};
/* End XCConfigurationList section */
	};
	rootObject = ACCC6A0526026CE10055F762 /* Project object */;
}
